
Microsoft Visual Studio Solution File, Format Version 12.00
# Visual Studio Version 17
VisualStudioVersion = 17.5.002.0
MinimumVisualStudioVersion = 10.0.40219.1
Project("{9A19103F-16F7-4668-BE54-9A1E7A4F7556}") = "DesafioFundamentos", "DesafioFundamentos.csproj", "{B132AEE3-89F4-428E-BF7E-36A7307145B8}"
EndProject
Global
	GlobalSection(SolutionConfigurationPlatforms) = preSolution
		Debug|Any CPU = Debug|Any CPU
		Release|Any CPU = Release|Any CPU
	EndGlobalSection
	GlobalSection(ProjectConfigurationPlatforms) = postSolution
		{B132AEE3-89F4-428E-BF7E-36A7307145B8}.Debug|Any CPU.ActiveCfg = Debug|Any CPU
		{B132AEE3-89F4-428E-BF7E-36A7307145B8}.Debug|Any CPU.Build.0 = Debug|Any CPU
		{B132AEE3-89F4-428E-BF7E-36A7307145B8}.Release|Any CPU.ActiveCfg = Release|Any CPU
		{B132AEE3-89F4-428E-BF7E-36A7307145B8}.Release|Any CPU.Build.0 = Release|Any CPU
	EndGlobalSection
	GlobalSection(SolutionProperties) = preSolution
		HideSolutionNode = FALSE
	EndGlobalSection
	GlobalSection(ExtensibilityGlobals) = postSolution
		SolutionGuid = {70F52B3B-CBB5-4569-99BE-AC54207EEC05}
	EndGlobalSection
EndGlobal
